
Microsoft Visual Studio Solution File, Format Version 12.00
# Visual Studio Version 16
VisualStudioVersion = 16.0.30011.22
MinimumVisualStudioVersion = 10.0.40219.1
Project("{FAE04EC0-301F-11D3-BF4B-00C04F79EFBC}") = "FileUpload", "FileUpload\FileUpload.csproj", "{C7A55858-320D-4C05-B1ED-6172B200FE4C}"
EndProject
Global
	GlobalSection(SolutionConfigurationPlatforms) = preSolution
		Debug|Any CPU = Debug|Any CPU
		Release|Any CPU = Release|Any CPU
	EndGlobalSection
	GlobalSection(ProjectConfigurationPlatforms) = postSolution
		{C7A55858-320D-4C05-B1ED-6172B200FE4C}.Debug|Any CPU.ActiveCfg = Debug|Any CPU
		{C7A55858-320D-4C05-B1ED-6172B200FE4C}.Debug|Any CPU.Build.0 = Debug|Any CPU
		{C7A55858-320D-4C05-B1ED-6172B200FE4C}.Release|Any CPU.ActiveCfg = Release|Any CPU
		{C7A55858-320D-4C05-B1ED-6172B200FE4C}.Release|Any CPU.Build.0 = Release|Any CPU
	EndGlobalSection
	GlobalSection(SolutionProperties) = preSolution
		HideSolutionNode = FALSE
	EndGlobalSection
	GlobalSection(ExtensibilityGlobals) = postSolution
		SolutionGuid = {23775B3D-7415-4480-B244-DF15CC542F44}
	EndGlobalSection
EndGlobal
